// !$*UTF8*$!
{
	archiveVersion = 1;
	classes = {
	};
	objectVersion = 46;
	objects = {

/* Begin PBXBuildFile section */
		D3B9232D1B0D602E004E030A /* AppKit.framework in Frameworks */ = {isa = PBXBuildFile; fileRef = D3B9232C1B0D602E004E030A /* AppKit.framework */; };
		D3B9232F1B0D602E004E030A /* Foundation.framework in Frameworks */ = {isa = PBXBuildFile; fileRef = D3B9232E1B0D602E004E030A /* Foundation.framework */; };
		D3B923341B0D602E004E030A /* xcodePluginDemo.xcscheme in Resources */ = {isa = PBXBuildFile; fileRef = D3B923331B0D602E004E030A /* xcodePluginDemo.xcscheme */; };
		D3B923371B0D602E004E030A /* xcodePluginDemo.m in Sources */ = {isa = PBXBuildFile; fileRef = D3B923361B0D602E004E030A /* xcodePluginDemo.m */; };
		D3B9233F1B0D642A004E030A /* NSView+dump.m in Sources */ = {isa = PBXBuildFile; fileRef = D3B9233E1B0D642A004E030A /* NSView+dump.m */; };
/* End PBXBuildFile section */

/* Begin PBXFileReference section */
		D3B923291B0D602E004E030A /* xcodePluginDemo.xcplugin */ = {isa = PBXFileReference; explicitFileType = wrapper.cfbundle; includeInIndex = 0; path = xcodePluginDemo.xcplugin; sourceTree = BUILT_PRODUCTS_DIR; };
		D3B9232C1B0D602E004E030A /* AppKit.framework */ = {isa = PBXFileReference; lastKnownFileType = wrapper.framework; name = AppKit.framework; path = /System/Library/Frameworks/AppKit.framework; sourceTree = "<absolute>"; };
		D3B9232E1B0D602E004E030A /* Foundation.framework */ = {isa = PBXFileReference; lastKnownFileType = wrapper.framework; name = Foundation.framework; path = /System/Library/Frameworks/Foundation.framework; sourceTree = "<absolute>"; };
		D3B923321B0D602E004E030A /* Info.plist */ = {isa = PBXFileReference; lastKnownFileType = text.plist.xml; path = Info.plist; sourceTree = "<group>"; };
		D3B923331B0D602E004E030A /* xcodePluginDemo.xcscheme */ = {isa = PBXFileReference; lastKnownFileType = text.xml; name = xcodePluginDemo.xcscheme; path = xcodePluginDemo.xcodeproj/xcshareddata/xcschemes/xcodePluginDemo.xcscheme; sourceTree = SOURCE_ROOT; };
		D3B923351B0D602E004E030A /* xcodePluginDemo.h */ = {isa = PBXFileReference; lastKnownFileType = sourcecode.c.h; path = xcodePluginDemo.h; sourceTree = "<group>"; };
		D3B923361B0D602E004E030A /* xcodePluginDemo.m */ = {isa = PBXFileReference; lastKnownFileType = sourcecode.c.objc; path = xcodePluginDemo.m; sourceTree = "<group>"; };
		D3B9233D1B0D642A004E030A /* NSView+dump.h */ = {isa = PBXFileReference; fileEncoding = 4; lastKnownFileType = sourcecode.c.h; path = "NSView+dump.h"; sourceTree = "<group>"; };
		D3B9233E1B0D642A004E030A /* NSView+dump.m */ = {isa = PBXFileReference; fileEncoding = 4; lastKnownFileType = sourcecode.c.objc; path = "NSView+dump.m"; sourceTree = "<group>"; };
/* End PBXFileReference section */

/* Begin PBXFrameworksBuildPhase section */
		D3B923271B0D602E004E030A /* Frameworks */ = {
			isa = PBXFrameworksBuildPhase;
			buildActionMask = 2147483647;
			files = (
				D3B9232D1B0D602E004E030A /* AppKit.framework in Frameworks */,
				D3B9232F1B0D602E004E030A /* Foundation.framework in Frameworks */,
			);
			runOnlyForDeploymentPostprocessing = 0;
		};
/* End PBXFrameworksBuildPhase section */

/* Begin PBXGroup section */
		D3B923201B0D602E004E030A = {
			isa = PBXGroup;
			children = (
				D3B923301B0D602E004E030A /* xcodePluginDemo */,
				D3B9232B1B0D602E004E030A /* Frameworks */,
				D3B9232A1B0D602E004E030A /* Products */,
			);
			sourceTree = "<group>";
		};
		D3B9232A1B0D602E004E030A /* Products */ = {
			isa = PBXGroup;
			children = (
				D3B923291B0D602E004E030A /* xcodePluginDemo.xcplugin */,
			);
			name = Products;
			sourceTree = "<group>";
		};
		D3B9232B1B0D602E004E030A /* Frameworks */ = {
			isa = PBXGroup;
			children = (
				D3B9232C1B0D602E004E030A /* AppKit.framework */,
				D3B9232E1B0D602E004E030A /* Foundation.framework */,
			);
			name = Frameworks;
			sourceTree = "<group>";
		};
		D3B923301B0D602E004E030A /* xcodePluginDemo */ = {
			isa = PBXGroup;
			children = (
				D3B923351B0D602E004E030A /* xcodePluginDemo.h */,
				D3B923361B0D602E004E030A /* xcodePluginDemo.m */,
				D3B9233D1B0D642A004E030A /* NSView+dump.h */,
				D3B9233E1B0D642A004E030A /* NSView+dump.m */,
				D3B923311B0D602E004E030A /* Supporting Files */,
			);
			path = xcodePluginDemo;
			sourceTree = "<group>";
		};
		D3B923311B0D602E004E030A /* Supporting Files */ = {
			isa = PBXGroup;
			children = (
				D3B923321B0D602E004E030A /* Info.plist */,
				D3B923331B0D602E004E030A /* xcodePluginDemo.xcscheme */,
			);
			name = "Supporting Files";
			sourceTree = "<group>";
		};
/* End PBXGroup section */

/* Begin PBXNativeTarget section */
		D3B923281B0D602E004E030A /* xcodePluginDemo */ = {
			isa = PBXNativeTarget;
			buildConfigurationList = D3B9233A1B0D602E004E030A /* Build configuration list for PBXNativeTarget "xcodePluginDemo" */;
			buildPhases = (
				D3B923251B0D602E004E030A /* Sources */,
				D3B923261B0D602E004E030A /* Resources */,
				D3B923271B0D602E004E030A /* Frameworks */,
			);
			buildRules = (
			);
			dependencies = (
			);
			name = xcodePluginDemo;
			productName = xcodePluginDemo;
			productReference = D3B923291B0D602E004E030A /* xcodePluginDemo.xcplugin */;
			productType = "com.apple.product-type.bundle";
		};
/* End PBXNativeTarget section */

/* Begin PBXProject section */
		D3B923211B0D602E004E030A /* Project object */ = {
			isa = PBXProject;
			attributes = {
				LastUpgradeCheck = 0630;
				ORGANIZATIONNAME = com.wy;
				TargetAttributes = {
					D3B923281B0D602E004E030A = {
						CreatedOnToolsVersion = 6.3.1;
					};
				};
			};
			buildConfigurationList = D3B923241B0D602E004E030A /* Build configuration list for PBXProject "xcodePluginDemo" */;
			compatibilityVersion = "Xcode 3.2";
			developmentRegion = English;
			hasScannedForEncodings = 0;
			knownRegions = (
				en,
			);
			mainGroup = D3B923201B0D602E004E030A;
			productRefGroup = D3B9232A1B0D602E004E030A /* Products */;
			projectDirPath = "";
			projectRoot = "";
			targets = (
				D3B923281B0D602E004E030A /* xcodePluginDemo */,
			);
		};
/* End PBXProject section */

/* Begin PBXResourcesBuildPhase section */
		D3B923261B0D602E004E030A /* Resources */ = {
			isa = PBXResourcesBuildPhase;
			buildActionMask = 2147483647;
			files = (
				D3B923341B0D602E004E030A /* xcodePluginDemo.xcscheme in Resources */,
			);
			runOnlyForDeploymentPostprocessing = 0;
		};
/* End PBXResourcesBuildPhase section */

/* Begin PBXSourcesBuildPhase section */
		D3B923251B0D602E004E030A /* Sources */ = {
			isa = PBXSourcesBuildPhase;
			buildActionMask = 2147483647;
			files = (
				D3B923371B0D602E004E030A /* xcodePluginDemo.m in Sources */,
				D3B9233F1B0D642A004E030A /* NSView+dump.m in Sources */,
			);
			runOnlyForDeploymentPostprocessing = 0;
		};
/* End PBXSourcesBuildPhase section */

/* Begin XCBuildConfiguration section */
		D3B923381B0D602E004E030A /* Debug */ = {
			isa = XCBuildConfiguration;
			buildSettings = {
				ALWAYS_SEARCH_USER_PATHS = NO;
				CLANG_CXX_LANGUAGE_STANDARD = "gnu++0x";
				CLANG_CXX_LIBRARY = "libc++";
				CLANG_ENABLE_MODULES = YES;
				CLANG_ENABLE_OBJC_ARC = YES;
				CLANG_WARN_BOOL_CONVERSION = YES;
				CLANG_WARN_CONSTANT_CONVERSION = YES;
				CLANG_WARN_DIRECT_OBJC_ISA_USAGE = YES_ERROR;
				CLANG_WARN_EMPTY_BODY = YES;
				CLANG_WARN_ENUM_CONVERSION = YES;
				CLANG_WARN_INT_CONVERSION = YES;
				CLANG_WARN_OBJC_ROOT_CLASS = YES_ERROR;
				CLANG_WARN_UNREACHABLE_CODE = YES;
				CLANG_WARN__DUPLICATE_METHOD_MATCH = YES;
				COPY_PHASE_STRIP = NO;
				ENABLE_STRICT_OBJC_MSGSEND = YES;
				GCC_C_LANGUAGE_STANDARD = gnu99;
				GCC_DYNAMIC_NO_PIC = NO;
				GCC_NO_COMMON_BLOCKS = YES;
				GCC_OPTIMIZATION_LEVEL = 0;
				GCC_PREPROCESSOR_DEFINITIONS = (
					"DEBUG=1",
					"$(inherited)",
				);
				GCC_SYMBOLS_PRIVATE_EXTERN = NO;
				GCC_WARN_64_TO_32_BIT_CONVERSION = YES;
				GCC_WARN_ABOUT_RETURN_TYPE = YES_ERROR;
				GCC_WARN_UNDECLARED_SELECTOR = YES;
				GCC_WARN_UNINITIALIZED_AUTOS = YES_AGGRESSIVE;
				GCC_WARN_UNUSED_FUNCTION = YES;
				GCC_WARN_UNUSED_VARIABLE = YES;
				MTL_ENABLE_DEBUG_INFO = YES;
				ONLY_ACTIVE_ARCH = YES;
			};
			name = Debug;
		};
		D3B923391B0D602E004E030A /* Release */ = {
			isa = XCBuildConfiguration;
			buildSettings = {
				ALWAYS_SEARCH_USER_PATHS = NO;
				CLANG_CXX_LANGUAGE_STANDARD = "gnu++0x";
				CLANG_CXX_LIBRARY = "libc++";
				CLANG_ENABLE_MODULES = YES;
				CLANG_ENABLE_OBJC_ARC = YES;
				CLANG_WARN_BOOL_CONVERSION = YES;
				CLANG_WARN_CONSTANT_CONVERSION = YES;
				CLANG_WARN_DIRECT_OBJC_ISA_USAGE = YES_ERROR;
				CLANG_WARN_EMPTY_BODY = YES;
				CLANG_WARN_ENUM_CONVERSION = YES;
				CLANG_WARN_INT_CONVERSION = YES;
				CLANG_WARN_OBJC_ROOT_CLASS = YES_ERROR;
				CLANG_WARN_UNREACHABLE_CODE = YES;
				CLANG_WARN__DUPLICATE_METHOD_MATCH = YES;
				COPY_PHASE_STRIP = NO;
				ENABLE_NS_ASSERTIONS = NO;
				ENABLE_STRICT_OBJC_MSGSEND = YES;
				GCC_C_LANGUAGE_STANDARD = gnu99;
				GCC_NO_COMMON_BLOCKS = YES;
				GCC_WARN_64_TO_32_BIT_CONVERSION = YES;
				GCC_WARN_ABOUT_RETURN_TYPE = YES_ERROR;
				GCC_WARN_UNDECLARED_SELECTOR = YES;
				GCC_WARN_UNINITIALIZED_AUTOS = YES_AGGRESSIVE;
				GCC_WARN_UNUSED_FUNCTION = YES;
				GCC_WARN_UNUSED_VARIABLE = YES;
				MTL_ENABLE_DEBUG_INFO = NO;
			};
			name = Release;
		};
		D3B9233B1B0D602E004E030A /* Debug */ = {
			isa = XCBuildConfiguration;
			buildSettings = {
				COMBINE_HIDPI_IMAGES = YES;
				DEPLOYMENT_LOCATION = YES;
				DSTROOT = "$(HOME)";
				INFOPLIST_FILE = xcodePluginDemo/Info.plist;
				INSTALL_PATH = "/Library/Application Support/Developer/Shared/Xcode/Plug-ins";
				MACOSX_DEPLOYMENT_TARGET = 10.10;
				PRODUCT_NAME = "$(TARGET_NAME)";
				WRAPPER_EXTENSION = xcplugin;
			};
			name = Debug;
		};
		D3B9233C1B0D602E004E030A /* Release */ = {
			isa = XCBuildConfiguration;
			buildSettings = {
				COMBINE_HIDPI_IMAGES = YES;
				DEPLOYMENT_LOCATION = YES;
				DSTROOT = "$(HOME)";
				INFOPLIST_FILE = xcodePluginDemo/Info.plist;
				INSTALL_PATH = "/Library/Application Support/Developer/Shared/Xcode/Plug-ins";
				MACOSX_DEPLOYMENT_TARGET = 10.10;
				PRODUCT_NAME = "$(TARGET_NAME)";
				WRAPPER_EXTENSION = xcplugin;
			};
			name = Release;
		};
/* End XCBuildConfiguration section */

/* Begin XCConfigurationList section */
		D3B923241B0D602E004E030A /* Build configuration list for PBXProject "xcodePluginDemo" */ = {
			isa = XCConfigurationList;
			buildConfigurations = (
				D3B923381B0D602E004E030A /* Debug */,
				D3B923391B0D602E004E030A /* Release */,
			);
			defaultConfigurationIsVisible = 0;
			defaultConfigurationName = Release;
		};
		D3B9233A1B0D602E004E030A /* Build configuration list for PBXNativeTarget "xcodePluginDemo" */ = {
			isa = XCConfigurationList;
			buildConfigurations = (
				D3B9233B1B0D602E004E030A /* Debug */,
				D3B9233C1B0D602E004E030A /* Release */,
			);
			defaultConfigurationIsVisible = 0;
			defaultConfigurationName = Release;
		};
/* End XCConfigurationList section */
	};
	rootObject = D3B923211B0D602E004E030A /* Project object */;
}
